# This file is automatically @generated by Wally.
# It is not intended for manual editing.
registry = "test"

[[package]]
name = "krxzy-zion-code/loader"
version = "0.1.0"
dependencies = [["logger", "krxzy-zion-code/logger@0.1.0"]]

[[package]]
name = "krxzy-zion-code/logger"
version = "0.1.0"
dependencies = []
